
Microsoft Visual Studio Solution File, Format Version 12.00
# Visual Studio Version 17
VisualStudioVersion = 17.8.34330.188
MinimumVisualStudioVersion = 10.0.40219.1
Project("{FAE04EC0-301F-11D3-BF4B-00C04F79EFBC}") = "testStreamApi", "testStreamApi\testStreamApi.csproj", "{0333F804-D477-40C4-AAAE-21742ACFF025}"
EndProject
Global
	GlobalSection(SolutionConfigurationPlatforms) = preSolution
		Debug|Any CPU = Debug|Any CPU
		Release|Any CPU = Release|Any CPU
	EndGlobalSection
	GlobalSection(ProjectConfigurationPlatforms) = postSolution
		{0333F804-D477-40C4-AAAE-21742ACFF025}.Debug|Any CPU.ActiveCfg = Debug|Any CPU
		{0333F804-D477-40C4-AAAE-21742ACFF025}.Debug|Any CPU.Build.0 = Debug|Any CPU
		{0333F804-D477-40C4-AAAE-21742ACFF025}.Release|Any CPU.ActiveCfg = Release|Any CPU
		{0333F804-D477-40C4-AAAE-21742ACFF025}.Release|Any CPU.Build.0 = Release|Any CPU
	EndGlobalSection
	GlobalSection(SolutionProperties) = preSolution
		HideSolutionNode = FALSE
	EndGlobalSection
	GlobalSection(ExtensibilityGlobals) = postSolution
		SolutionGuid = {53D3B705-48D3-4C38-A135-4D5BA35AC6B1}
	EndGlobalSection
EndGlobal
