
Microsoft Visual Studio Solution File, Format Version 12.00
# Visual Studio Version 17
VisualStudioVersion = 17.8.34330.188
MinimumVisualStudioVersion = 10.0.40219.1
Project("{FAE04EC0-301F-11D3-BF4B-00C04F79EFBC}") = "server", "server\server.csproj", "{C71B212B-0B38-433E-BEAF-AD09FFCC6CA3}"
EndProject
Global
	GlobalSection(SolutionConfigurationPlatforms) = preSolution
		Debug|Any CPU = Debug|Any CPU
		Release|Any CPU = Release|Any CPU
	EndGlobalSection
	GlobalSection(ProjectConfigurationPlatforms) = postSolution
		{C71B212B-0B38-433E-BEAF-AD09FFCC6CA3}.Debug|Any CPU.ActiveCfg = Debug|Any CPU
		{C71B212B-0B38-433E-BEAF-AD09FFCC6CA3}.Debug|Any CPU.Build.0 = Debug|Any CPU
		{C71B212B-0B38-433E-BEAF-AD09FFCC6CA3}.Release|Any CPU.ActiveCfg = Release|Any CPU
		{C71B212B-0B38-433E-BEAF-AD09FFCC6CA3}.Release|Any CPU.Build.0 = Release|Any CPU
	EndGlobalSection
	GlobalSection(SolutionProperties) = preSolution
		HideSolutionNode = FALSE
	EndGlobalSection
	GlobalSection(ExtensibilityGlobals) = postSolution
		SolutionGuid = {9BEA6F0E-7B8A-4C0B-8049-56D158B8E2E1}
	EndGlobalSection
EndGlobal
